// !$*UTF8*$!
{
	archiveVersion = 1;
	classes = {
	};
	objectVersion = 46;
	objects = {

/* Begin PBXBuildFile section */
		189379871C61C28800AA1F0F /* 1.png in Resources */ = {isa = PBXBuildFile; fileRef = 189379841C61C28800AA1F0F /* 1.png */; };
		189379881C61C28800AA1F0F /* 2.png in Resources */ = {isa = PBXBuildFile; fileRef = 189379851C61C28800AA1F0F /* 2.png */; };
		189379891C61C28800AA1F0F /* 3.png in Resources */ = {isa = PBXBuildFile; fileRef = 189379861C61C28800AA1F0F /* 3.png */; };
		1894A59B1C4CE97B00AE5261 /* main.m in Sources */ = {isa = PBXBuildFile; fileRef = 1894A59A1C4CE97B00AE5261 /* main.m */; };
		1894A59E1C4CE97B00AE5261 /* AppDelegate.m in Sources */ = {isa = PBXBuildFile; fileRef = 1894A59D1C4CE97B00AE5261 /* AppDelegate.m */; };
		1894A5A11C4CE97B00AE5261 /* ViewController.m in Sources */ = {isa = PBXBuildFile; fileRef = 1894A5A01C4CE97B00AE5261 /* ViewController.m */; };
		1894A5A41C4CE97B00AE5261 /* Main.storyboard in Resources */ = {isa = PBXBuildFile; fileRef = 1894A5A21C4CE97B00AE5261 /* Main.storyboard */; };
		1894A5A61C4CE97B00AE5261 /* Assets.xcassets in Resources */ = {isa = PBXBuildFile; fileRef = 1894A5A51C4CE97B00AE5261 /* Assets.xcassets */; };
		1894A5A91C4CE97B00AE5261 /* LaunchScreen.storyboard in Resources */ = {isa = PBXBuildFile; fileRef = 1894A5A71C4CE97B00AE5261 /* LaunchScreen.storyboard */; };
		1894A5B41C4CE97C00AE5261 /* _________Tests.m in Sources */ = {isa = PBXBuildFile; fileRef = 1894A5B31C4CE97C00AE5261 /* _________Tests.m */; };
		1894A5BF1C4CE97C00AE5261 /* _________UITests.m in Sources */ = {isa = PBXBuildFile; fileRef = 1894A5BE1C4CE97C00AE5261 /* _________UITests.m */; };
		1894A5CE1C4CE9AE00AE5261 /* WZBCollectionView.m in Sources */ = {isa = PBXBuildFile; fileRef = 1894A5CD1C4CE9AE00AE5261 /* WZBCollectionView.m */; };
		1894A5D11C4CEB2E00AE5261 /* WZBCollectionViewCell.m in Sources */ = {isa = PBXBuildFile; fileRef = 1894A5D01C4CEB2E00AE5261 /* WZBCollectionViewCell.m */; };
/* End PBXBuildFile section */

/* Begin PBXContainerItemProxy section */
		1894A5B01C4CE97C00AE5261 /* PBXContainerItemProxy */ = {
			isa = PBXContainerItemProxy;
			containerPortal = 1894A58E1C4CE97A00AE5261 /* Project object */;
			proxyType = 1;
			remoteGlobalIDString = 1894A5951C4CE97A00AE5261;
			remoteInfo = "一句话实现无线轮播";
		};
		1894A5BB1C4CE97C00AE5261 /* PBXContainerItemProxy */ = {
			isa = PBXContainerItemProxy;
			containerPortal = 1894A58E1C4CE97A00AE5261 /* Project object */;
			proxyType = 1;
			remoteGlobalIDString = 1894A5951C4CE97A00AE5261;
			remoteInfo = "一句话实现无线轮播";
		};
/* End PBXContainerItemProxy section */

/* Begin PBXFileReference section */
		189379841C61C28800AA1F0F /* 1.png */ = {isa = PBXFileReference; lastKnownFileType = image.png; path = 1.png; sourceTree = "<group>"; };
		189379851C61C28800AA1F0F /* 2.png */ = {isa = PBXFileReference; lastKnownFileType = image.png; path = 2.png; sourceTree = "<group>"; };
		189379861C61C28800AA1F0F /* 3.png */ = {isa = PBXFileReference; lastKnownFileType = image.png; path = 3.png; sourceTree = "<group>"; };
		1894A5961C4CE97A00AE5261 /* 一句话实现无线轮播.app */ = {isa = PBXFileReference; explicitFileType = wrapper.application; includeInIndex = 0; path = "一句话实现无线轮播.app"; sourceTree = BUILT_PRODUCTS_DIR; };
		1894A59A1C4CE97B00AE5261 /* main.m */ = {isa = PBXFileReference; lastKnownFileType = sourcecode.c.objc; path = main.m; sourceTree = "<group>"; };
		1894A59C1C4CE97B00AE5261 /* AppDelegate.h */ = {isa = PBXFileReference; lastKnownFileType = sourcecode.c.h; path = AppDelegate.h; sourceTree = "<group>"; };
		1894A59D1C4CE97B00AE5261 /* AppDelegate.m */ = {isa = PBXFileReference; lastKnownFileType = sourcecode.c.objc; path = AppDelegate.m; sourceTree = "<group>"; };
		1894A59F1C4CE97B00AE5261 /* ViewController.h */ = {isa = PBXFileReference; lastKnownFileType = sourcecode.c.h; path = ViewController.h; sourceTree = "<group>"; };
		1894A5A01C4CE97B00AE5261 /* ViewController.m */ = {isa = PBXFileReference; lastKnownFileType = sourcecode.c.objc; path = ViewController.m; sourceTree = "<group>"; };
		1894A5A31C4CE97B00AE5261 /* Base */ = {isa = PBXFileReference; lastKnownFileType = file.storyboard; name = Base; path = Base.lproj/Main.storyboard; sourceTree = "<group>"; };
		1894A5A51C4CE97B00AE5261 /* Assets.xcassets */ = {isa = PBXFileReference; lastKnownFileType = folder.assetcatalog; path = Assets.xcassets; sourceTree = "<group>"; };
		1894A5A81C4CE97B00AE5261 /* Base */ = {isa = PBXFileReference; lastKnownFileType = file.storyboard; name = Base; path = Base.lproj/LaunchScreen.storyboard; sourceTree = "<group>"; };
		1894A5AA1C4CE97B00AE5261 /* Info.plist */ = {isa = PBXFileReference; lastKnownFileType = text.plist.xml; path = Info.plist; sourceTree = "<group>"; };
		1894A5AF1C4CE97C00AE5261 /* 一句话实现无线轮播Tests.xctest */ = {isa = PBXFileReference; explicitFileType = wrapper.cfbundle; includeInIndex = 0; path = "一句话实现无线轮播Tests.xctest"; sourceTree = BUILT_PRODUCTS_DIR; };
		1894A5B31C4CE97C00AE5261 /* _________Tests.m */ = {isa = PBXFileReference; lastKnownFileType = sourcecode.c.objc; path = "_________Tests.m"; sourceTree = "<group>"; };
		1894A5B51C4CE97C00AE5261 /* Info.plist */ = {isa = PBXFileReference; lastKnownFileType = text.plist.xml; path = Info.plist; sourceTree = "<group>"; };
		1894A5BA1C4CE97C00AE5261 /* 一句话实现无线轮播UITests.xctest */ = {isa = PBXFileReference; explicitFileType = wrapper.cfbundle; includeInIndex = 0; path = "一句话实现无线轮播UITests.xctest"; sourceTree = BUILT_PRODUCTS_DIR; };
		1894A5BE1C4CE97C00AE5261 /* _________UITests.m */ = {isa = PBXFileReference; lastKnownFileType = sourcecode.c.objc; path = "_________UITests.m"; sourceTree = "<group>"; };
		1894A5C01C4CE97C00AE5261 /* Info.plist */ = {isa = PBXFileReference; lastKnownFileType = text.plist.xml; path = Info.plist; sourceTree = "<group>"; };
		1894A5CC1C4CE9AE00AE5261 /* WZBCollectionView.h */ = {isa = PBXFileReference; fileEncoding = 4; lastKnownFileType = sourcecode.c.h; path = WZBCollectionView.h; sourceTree = "<group>"; };
		1894A5CD1C4CE9AE00AE5261 /* WZBCollectionView.m */ = {isa = PBXFileReference; fileEncoding = 4; lastKnownFileType = sourcecode.c.objc; path = WZBCollectionView.m; sourceTree = "<group>"; };
		1894A5CF1C4CEB2E00AE5261 /* WZBCollectionViewCell.h */ = {isa = PBXFileReference; fileEncoding = 4; lastKnownFileType = sourcecode.c.h; path = WZBCollectionViewCell.h; sourceTree = "<group>"; };
		1894A5D01C4CEB2E00AE5261 /* WZBCollectionViewCell.m */ = {isa = PBXFileReference; fileEncoding = 4; lastKnownFileType = sourcecode.c.objc; path = WZBCollectionViewCell.m; sourceTree = "<group>"; };
/* End PBXFileReference section */

/* Begin PBXFrameworksBuildPhase section */
		1894A5931C4CE97A00AE5261 /* Frameworks */ = {
			isa = PBXFrameworksBuildPhase;
			buildActionMask = 2147483647;
			files = (
			);
			runOnlyForDeploymentPostprocessing = 0;
		};
		1894A5AC1C4CE97C00AE5261 /* Frameworks */ = {
			isa = PBXFrameworksBuildPhase;
			buildActionMask = 2147483647;
			files = (
			);
			runOnlyForDeploymentPostprocessing = 0;
		};
		1894A5B71C4CE97C00AE5261 /* Frameworks */ = {
			isa = PBXFrameworksBuildPhase;
			buildActionMask = 2147483647;
			files = (
			);
			runOnlyForDeploymentPostprocessing = 0;
		};
/* End PBXFrameworksBuildPhase section */

/* Begin PBXGroup section */
		1894A58D1C4CE97900AE5261 = {
			isa = PBXGroup;
			children = (
				1894A5981C4CE97B00AE5261 /* 一句话实现无线轮播 */,
				1894A5B21C4CE97C00AE5261 /* 一句话实现无线轮播Tests */,
				1894A5BD1C4CE97C00AE5261 /* 一句话实现无线轮播UITests */,
				1894A5971C4CE97A00AE5261 /* Products */,
			);
			sourceTree = "<group>";
		};
		1894A5971C4CE97A00AE5261 /* Products */ = {
			isa = PBXGroup;
			children = (
				1894A5961C4CE97A00AE5261 /* 一句话实现无线轮播.app */,
				1894A5AF1C4CE97C00AE5261 /* 一句话实现无线轮播Tests.xctest */,
				1894A5BA1C4CE97C00AE5261 /* 一句话实现无线轮播UITests.xctest */,
			);
			name = Products;
			sourceTree = "<group>";
		};
		1894A5981C4CE97B00AE5261 /* 一句话实现无线轮播 */ = {
			isa = PBXGroup;
			children = (
				1894A5D21C4CEC3100AE5261 /* images */,
				1894A59C1C4CE97B00AE5261 /* AppDelegate.h */,
				1894A59D1C4CE97B00AE5261 /* AppDelegate.m */,
				1894A59F1C4CE97B00AE5261 /* ViewController.h */,
				1894A5A01C4CE97B00AE5261 /* ViewController.m */,
				1894A5CC1C4CE9AE00AE5261 /* WZBCollectionView.h */,
				1894A5CD1C4CE9AE00AE5261 /* WZBCollectionView.m */,
				1894A5CF1C4CEB2E00AE5261 /* WZBCollectionViewCell.h */,
				1894A5D01C4CEB2E00AE5261 /* WZBCollectionViewCell.m */,
				1894A5A21C4CE97B00AE5261 /* Main.storyboard */,
				1894A5A51C4CE97B00AE5261 /* Assets.xcassets */,
				1894A5A71C4CE97B00AE5261 /* LaunchScreen.storyboard */,
				1894A5AA1C4CE97B00AE5261 /* Info.plist */,
				1894A5991C4CE97B00AE5261 /* Supporting Files */,
			);
			path = "一句话实现无线轮播";
			sourceTree = "<group>";
		};
		1894A5991C4CE97B00AE5261 /* Supporting Files */ = {
			isa = PBXGroup;
			children = (
				1894A59A1C4CE97B00AE5261 /* main.m */,
			);
			name = "Supporting Files";
			sourceTree = "<group>";
		};
		1894A5B21C4CE97C00AE5261 /* 一句话实现无线轮播Tests */ = {
			isa = PBXGroup;
			children = (
				1894A5B31C4CE97C00AE5261 /* _________Tests.m */,
				1894A5B51C4CE97C00AE5261 /* Info.plist */,
			);
			path = "一句话实现无线轮播Tests";
			sourceTree = "<group>";
		};
		1894A5BD1C4CE97C00AE5261 /* 一句话实现无线轮播UITests */ = {
			isa = PBXGroup;
			children = (
				1894A5BE1C4CE97C00AE5261 /* _________UITests.m */,
				1894A5C01C4CE97C00AE5261 /* Info.plist */,
			);
			path = "一句话实现无线轮播UITests";
			sourceTree = "<group>";
		};
		1894A5D21C4CEC3100AE5261 /* images */ = {
			isa = PBXGroup;
			children = (
				189379841C61C28800AA1F0F /* 1.png */,
				189379851C61C28800AA1F0F /* 2.png */,
				189379861C61C28800AA1F0F /* 3.png */,
			);
			path = images;
			sourceTree = "<group>";
		};
/* End PBXGroup section */

/* Begin PBXNativeTarget section */
		1894A5951C4CE97A00AE5261 /* 一句话实现无线轮播 */ = {
			isa = PBXNativeTarget;
			buildConfigurationList = 1894A5C31C4CE97C00AE5261 /* Build configuration list for PBXNativeTarget "一句话实现无线轮播" */;
			buildPhases = (
				1894A5921C4CE97A00AE5261 /* Sources */,
				1894A5931C4CE97A00AE5261 /* Frameworks */,
				1894A5941C4CE97A00AE5261 /* Resources */,
			);
			buildRules = (
			);
			dependencies = (
			);
			name = "一句话实现无线轮播";
			productName = "一句话实现无线轮播";
			productReference = 1894A5961C4CE97A00AE5261 /* 一句话实现无线轮播.app */;
			productType = "com.apple.product-type.application";
		};
		1894A5AE1C4CE97C00AE5261 /* 一句话实现无线轮播Tests */ = {
			isa = PBXNativeTarget;
			buildConfigurationList = 1894A5C61C4CE97C00AE5261 /* Build configuration list for PBXNativeTarget "一句话实现无线轮播Tests" */;
			buildPhases = (
				1894A5AB1C4CE97C00AE5261 /* Sources */,
				1894A5AC1C4CE97C00AE5261 /* Frameworks */,
				1894A5AD1C4CE97C00AE5261 /* Resources */,
			);
			buildRules = (
			);
			dependencies = (
				1894A5B11C4CE97C00AE5261 /* PBXTargetDependency */,
			);
			name = "一句话实现无线轮播Tests";
			productName = "一句话实现无线轮播Tests";
			productReference = 1894A5AF1C4CE97C00AE5261 /* 一句话实现无线轮播Tests.xctest */;
			productType = "com.apple.product-type.bundle.unit-test";
		};
		1894A5B91C4CE97C00AE5261 /* 一句话实现无线轮播UITests */ = {
			isa = PBXNativeTarget;
			buildConfigurationList = 1894A5C91C4CE97C00AE5261 /* Build configuration list for PBXNativeTarget "一句话实现无线轮播UITests" */;
			buildPhases = (
				1894A5B61C4CE97C00AE5261 /* Sources */,
				1894A5B71C4CE97C00AE5261 /* Frameworks */,
				1894A5B81C4CE97C00AE5261 /* Resources */,
			);
			buildRules = (
			);
			dependencies = (
				1894A5BC1C4CE97C00AE5261 /* PBXTargetDependency */,
			);
			name = "一句话实现无线轮播UITests";
			productName = "一句话实现无线轮播UITests";
			productReference = 1894A5BA1C4CE97C00AE5261 /* 一句话实现无线轮播UITests.xctest */;
			productType = "com.apple.product-type.bundle.ui-testing";
		};
/* End PBXNativeTarget section */

/* Begin PBXProject section */
		1894A58E1C4CE97A00AE5261 /* Project object */ = {
			isa = PBXProject;
			attributes = {
				LastUpgradeCheck = 0720;
				ORGANIZATIONNAME = apple;
				TargetAttributes = {
					1894A5951C4CE97A00AE5261 = {
						CreatedOnToolsVersion = 7.2;
						DevelopmentTeam = 8HYJW979TJ;
					};
					1894A5AE1C4CE97C00AE5261 = {
						CreatedOnToolsVersion = 7.2;
						DevelopmentTeam = 8HYJW979TJ;
						TestTargetID = 1894A5951C4CE97A00AE5261;
					};
					1894A5B91C4CE97C00AE5261 = {
						CreatedOnToolsVersion = 7.2;
						DevelopmentTeam = 8HYJW979TJ;
						TestTargetID = 1894A5951C4CE97A00AE5261;
					};
				};
			};
			buildConfigurationList = 1894A5911C4CE97A00AE5261 /* Build configuration list for PBXProject "一句话实现无线轮播" */;
			compatibilityVersion = "Xcode 3.2";
			developmentRegion = English;
			hasScannedForEncodings = 0;
			knownRegions = (
				en,
				Base,
			);
			mainGroup = 1894A58D1C4CE97900AE5261;
			productRefGroup = 1894A5971C4CE97A00AE5261 /* Products */;
			projectDirPath = "";
			projectRoot = "";
			targets = (
				1894A5951C4CE97A00AE5261 /* 一句话实现无线轮播 */,
				1894A5AE1C4CE97C00AE5261 /* 一句话实现无线轮播Tests */,
				1894A5B91C4CE97C00AE5261 /* 一句话实现无线轮播UITests */,
			);
		};
/* End PBXProject section */

/* Begin PBXResourcesBuildPhase section */
		1894A5941C4CE97A00AE5261 /* Resources */ = {
			isa = PBXResourcesBuildPhase;
			buildActionMask = 2147483647;
			files = (
				1894A5A91C4CE97B00AE5261 /* LaunchScreen.storyboard in Resources */,
				189379871C61C28800AA1F0F /* 1.png in Resources */,
				189379881C61C28800AA1F0F /* 2.png in Resources */,
				189379891C61C28800AA1F0F /* 3.png in Resources */,
				1894A5A61C4CE97B00AE5261 /* Assets.xcassets in Resources */,
				1894A5A41C4CE97B00AE5261 /* Main.storyboard in Resources */,
			);
			runOnlyForDeploymentPostprocessing = 0;
		};
		1894A5AD1C4CE97C00AE5261 /* Resources */ = {
			isa = PBXResourcesBuildPhase;
			buildActionMask = 2147483647;
			files = (
			);
			runOnlyForDeploymentPostprocessing = 0;
		};
		1894A5B81C4CE97C00AE5261 /* Resources */ = {
			isa = PBXResourcesBuildPhase;
			buildActionMask = 2147483647;
			files = (
			);
			runOnlyForDeploymentPostprocessing = 0;
		};
/* End PBXResourcesBuildPhase section */

/* Begin PBXSourcesBuildPhase section */
		1894A5921C4CE97A00AE5261 /* Sources */ = {
			isa = PBXSourcesBuildPhase;
			buildActionMask = 2147483647;
			files = (
				1894A5CE1C4CE9AE00AE5261 /* WZBCollectionView.m in Sources */,
				1894A5D11C4CEB2E00AE5261 /* WZBCollectionViewCell.m in Sources */,
				1894A5A11C4CE97B00AE5261 /* ViewController.m in Sources */,
				1894A59E1C4CE97B00AE5261 /* AppDelegate.m in Sources */,
				1894A59B1C4CE97B00AE5261 /* main.m in Sources */,
			);
			runOnlyForDeploymentPostprocessing = 0;
		};
		1894A5AB1C4CE97C00AE5261 /* Sources */ = {
			isa = PBXSourcesBuildPhase;
			buildActionMask = 2147483647;
			files = (
				1894A5B41C4CE97C00AE5261 /* _________Tests.m in Sources */,
			);
			runOnlyForDeploymentPostprocessing = 0;
		};
		1894A5B61C4CE97C00AE5261 /* Sources */ = {
			isa = PBXSourcesBuildPhase;
			buildActionMask = 2147483647;
			files = (
				1894A5BF1C4CE97C00AE5261 /* _________UITests.m in Sources */,
			);
			runOnlyForDeploymentPostprocessing = 0;
		};
/* End PBXSourcesBuildPhase section */

/* Begin PBXTargetDependency section */
		1894A5B11C4CE97C00AE5261 /* PBXTargetDependency */ = {
			isa = PBXTargetDependency;
			target = 1894A5951C4CE97A00AE5261 /* 一句话实现无线轮播 */;
			targetProxy = 1894A5B01C4CE97C00AE5261 /* PBXContainerItemProxy */;
		};
		1894A5BC1C4CE97C00AE5261 /* PBXTargetDependency */ = {
			isa = PBXTargetDependency;
			target = 1894A5951C4CE97A00AE5261 /* 一句话实现无线轮播 */;
			targetProxy = 1894A5BB1C4CE97C00AE5261 /* PBXContainerItemProxy */;
		};
/* End PBXTargetDependency section */

/* Begin PBXVariantGroup section */
		1894A5A21C4CE97B00AE5261 /* Main.storyboard */ = {
			isa = PBXVariantGroup;
			children = (
				1894A5A31C4CE97B00AE5261 /* Base */,
			);
			name = Main.storyboard;
			sourceTree = "<group>";
		};
		1894A5A71C4CE97B00AE5261 /* LaunchScreen.storyboard */ = {
			isa = PBXVariantGroup;
			children = (
				1894A5A81C4CE97B00AE5261 /* Base */,
			);
			name = LaunchScreen.storyboard;
			sourceTree = "<group>";
		};
/* End PBXVariantGroup section */

/* Begin XCBuildConfiguration section */
		1894A5C11C4CE97C00AE5261 /* Debug */ = {
			isa = XCBuildConfiguration;
			buildSettings = {
				ALWAYS_SEARCH_USER_PATHS = NO;
				CLANG_CXX_LANGUAGE_STANDARD = "gnu++0x";
				CLANG_CXX_LIBRARY = "libc++";
				CLANG_ENABLE_MODULES = YES;
				CLANG_ENABLE_OBJC_ARC = YES;
				CLANG_WARN_BOOL_CONVERSION = YES;
				CLANG_WARN_CONSTANT_CONVERSION = YES;
				CLANG_WARN_DIRECT_OBJC_ISA_USAGE = YES_ERROR;
				CLANG_WARN_EMPTY_BODY = YES;
				CLANG_WARN_ENUM_CONVERSION = YES;
				CLANG_WARN_INT_CONVERSION = YES;
				CLANG_WARN_OBJC_ROOT_CLASS = YES_ERROR;
				CLANG_WARN_UNREACHABLE_CODE = YES;
				CLANG_WARN__DUPLICATE_METHOD_MATCH = YES;
				"CODE_SIGN_IDENTITY[sdk=iphoneos*]" = "iPhone Developer";
				COPY_PHASE_STRIP = NO;
				DEBUG_INFORMATION_FORMAT = dwarf;
				ENABLE_STRICT_OBJC_MSGSEND = YES;
				ENABLE_TESTABILITY = YES;
				GCC_C_LANGUAGE_STANDARD = gnu99;
				GCC_DYNAMIC_NO_PIC = NO;
				GCC_NO_COMMON_BLOCKS = YES;
				GCC_OPTIMIZATION_LEVEL = 0;
				GCC_PREPROCESSOR_DEFINITIONS = (
					"DEBUG=1",
					"$(inherited)",
				);
				GCC_WARN_64_TO_32_BIT_CONVERSION = YES;
				GCC_WARN_ABOUT_RETURN_TYPE = YES_ERROR;
				GCC_WARN_UNDECLARED_SELECTOR = YES;
				GCC_WARN_UNINITIALIZED_AUTOS = YES_AGGRESSIVE;
				GCC_WARN_UNUSED_FUNCTION = YES;
				GCC_WARN_UNUSED_VARIABLE = YES;
				IPHONEOS_DEPLOYMENT_TARGET = 9.2;
				MTL_ENABLE_DEBUG_INFO = YES;
				ONLY_ACTIVE_ARCH = YES;
				SDKROOT = iphoneos;
			};
			name = Debug;
		};
		1894A5C21C4CE97C00AE5261 /* Release */ = {
			isa = XCBuildConfiguration;
			buildSettings = {
				ALWAYS_SEARCH_USER_PATHS = NO;
				CLANG_CXX_LANGUAGE_STANDARD = "gnu++0x";
				CLANG_CXX_LIBRARY = "libc++";
				CLANG_ENABLE_MODULES = YES;
				CLANG_ENABLE_OBJC_ARC = YES;
				CLANG_WARN_BOOL_CONVERSION = YES;
				CLANG_WARN_CONSTANT_CONVERSION = YES;
				CLANG_WARN_DIRECT_OBJC_ISA_USAGE = YES_ERROR;
				CLANG_WARN_EMPTY_BODY = YES;
				CLANG_WARN_ENUM_CONVERSION = YES;
				CLANG_WARN_INT_CONVERSION = YES;
				CLANG_WARN_OBJC_ROOT_CLASS = YES_ERROR;
				CLANG_WARN_UNREACHABLE_CODE = YES;
				CLANG_WARN__DUPLICATE_METHOD_MATCH = YES;
				"CODE_SIGN_IDENTITY[sdk=iphoneos*]" = "iPhone Developer";
				COPY_PHASE_STRIP = NO;
				DEBUG_INFORMATION_FORMAT = "dwarf-with-dsym";
				ENABLE_NS_ASSERTIONS = NO;
				ENABLE_STRICT_OBJC_MSGSEND = YES;
				GCC_C_LANGUAGE_STANDARD = gnu99;
				GCC_NO_COMMON_BLOCKS = YES;
				GCC_WARN_64_TO_32_BIT_CONVERSION = YES;
				GCC_WARN_ABOUT_RETURN_TYPE = YES_ERROR;
				GCC_WARN_UNDECLARED_SELECTOR = YES;
				GCC_WARN_UNINITIALIZED_AUTOS = YES_AGGRESSIVE;
				GCC_WARN_UNUSED_FUNCTION = YES;
				GCC_WARN_UNUSED_VARIABLE = YES;
				IPHONEOS_DEPLOYMENT_TARGET = 9.2;
				MTL_ENABLE_DEBUG_INFO = NO;
				SDKROOT = iphoneos;
				VALIDATE_PRODUCT = YES;
			};
			name = Release;
		};
		1894A5C41C4CE97C00AE5261 /* Debug */ = {
			isa = XCBuildConfiguration;
			buildSettings = {
				ASSETCATALOG_COMPILER_APPICON_NAME = AppIcon;
				INFOPLIST_FILE = "一句话实现无线轮播/Info.plist";
				LD_RUNPATH_SEARCH_PATHS = "$(inherited) @executable_path/Frameworks";
				PRODUCT_BUNDLE_IDENTIFIER = "WZB.---------";
				PRODUCT_NAME = "$(TARGET_NAME)";
			};
			name = Debug;
		};
		1894A5C51C4CE97C00AE5261 /* Release */ = {
			isa = XCBuildConfiguration;
			buildSettings = {
				ASSETCATALOG_COMPILER_APPICON_NAME = AppIcon;
				INFOPLIST_FILE = "一句话实现无线轮播/Info.plist";
				LD_RUNPATH_SEARCH_PATHS = "$(inherited) @executable_path/Frameworks";
				PRODUCT_BUNDLE_IDENTIFIER = "WZB.---------";
				PRODUCT_NAME = "$(TARGET_NAME)";
			};
			name = Release;
		};
		1894A5C71C4CE97C00AE5261 /* Debug */ = {
			isa = XCBuildConfiguration;
			buildSettings = {
				BUNDLE_LOADER = "$(TEST_HOST)";
				INFOPLIST_FILE = "一句话实现无线轮播Tests/Info.plist";
				LD_RUNPATH_SEARCH_PATHS = "$(inherited) @executable_path/Frameworks @loader_path/Frameworks";
				PRODUCT_BUNDLE_IDENTIFIER = "WZB.---------Tests";
				PRODUCT_NAME = "$(TARGET_NAME)";
				TEST_HOST = "$(BUILT_PRODUCTS_DIR)/一句话实现无线轮播.app/一句话实现无线轮播";
			};
			name = Debug;
		};
		1894A5C81C4CE97C00AE5261 /* Release */ = {
			isa = XCBuildConfiguration;
			buildSettings = {
				BUNDLE_LOADER = "$(TEST_HOST)";
				INFOPLIST_FILE = "一句话实现无线轮播Tests/Info.plist";
				LD_RUNPATH_SEARCH_PATHS = "$(inherited) @executable_path/Frameworks @loader_path/Frameworks";
				PRODUCT_BUNDLE_IDENTIFIER = "WZB.---------Tests";
				PRODUCT_NAME = "$(TARGET_NAME)";
				TEST_HOST = "$(BUILT_PRODUCTS_DIR)/一句话实现无线轮播.app/一句话实现无线轮播";
			};
			name = Release;
		};
		1894A5CA1C4CE97C00AE5261 /* Debug */ = {
			isa = XCBuildConfiguration;
			buildSettings = {
				INFOPLIST_FILE = "一句话实现无线轮播UITests/Info.plist";
				LD_RUNPATH_SEARCH_PATHS = "$(inherited) @executable_path/Frameworks @loader_path/Frameworks";
				PRODUCT_BUNDLE_IDENTIFIER = "WZB.---------UITests";
				PRODUCT_NAME = "$(TARGET_NAME)";
				TEST_TARGET_NAME = "一句话实现无线轮播";
				USES_XCTRUNNER = YES;
			};
			name = Debug;
		};
		1894A5CB1C4CE97C00AE5261 /* Release */ = {
			isa = XCBuildConfiguration;
			buildSettings = {
				INFOPLIST_FILE = "一句话实现无线轮播UITests/Info.plist";
				LD_RUNPATH_SEARCH_PATHS = "$(inherited) @executable_path/Frameworks @loader_path/Frameworks";
				PRODUCT_BUNDLE_IDENTIFIER = "WZB.---------UITests";
				PRODUCT_NAME = "$(TARGET_NAME)";
				TEST_TARGET_NAME = "一句话实现无线轮播";
				USES_XCTRUNNER = YES;
			};
			name = Release;
		};
/* End XCBuildConfiguration section */

/* Begin XCConfigurationList section */
		1894A5911C4CE97A00AE5261 /* Build configuration list for PBXProject "一句话实现无线轮播" */ = {
			isa = XCConfigurationList;
			buildConfigurations = (
				1894A5C11C4CE97C00AE5261 /* Debug */,
				1894A5C21C4CE97C00AE5261 /* Release */,
			);
			defaultConfigurationIsVisible = 0;
			defaultConfigurationName = Release;
		};
		1894A5C31C4CE97C00AE5261 /* Build configuration list for PBXNativeTarget "一句话实现无线轮播" */ = {
			isa = XCConfigurationList;
			buildConfigurations = (
				1894A5C41C4CE97C00AE5261 /* Debug */,
				1894A5C51C4CE97C00AE5261 /* Release */,
			);
			defaultConfigurationIsVisible = 0;
			defaultConfigurationName = Release;
		};
		1894A5C61C4CE97C00AE5261 /* Build configuration list for PBXNativeTarget "一句话实现无线轮播Tests" */ = {
			isa = XCConfigurationList;
			buildConfigurations = (
				1894A5C71C4CE97C00AE5261 /* Debug */,
				1894A5C81C4CE97C00AE5261 /* Release */,
			);
			defaultConfigurationIsVisible = 0;
			defaultConfigurationName = Release;
		};
		1894A5C91C4CE97C00AE5261 /* Build configuration list for PBXNativeTarget "一句话实现无线轮播UITests" */ = {
			isa = XCConfigurationList;
			buildConfigurations = (
				1894A5CA1C4CE97C00AE5261 /* Debug */,
				1894A5CB1C4CE97C00AE5261 /* Release */,
			);
			defaultConfigurationIsVisible = 0;
			defaultConfigurationName = Release;
		};
/* End XCConfigurationList section */
	};
	rootObject = 1894A58E1C4CE97A00AE5261 /* Project object */;
}
